// !$*UTF8*$!
{
	archiveVersion = 1;
	classes = {
	};
	objectVersion = 46;
	objects = {

/* Begin PBXBuildFile section */
		8E192D331701326B00775B9B /* 1.png in Resources */ = {isa = PBXBuildFile; fileRef = 8E192D321701326B00775B9B /* 1.png */; };
		8E192D3C1701331100775B9B /* 7.png in Resources */ = {isa = PBXBuildFile; fileRef = 8E192D351701331000775B9B /* 7.png */; };
		8E192D3D1701331100775B9B /* 6.png in Resources */ = {isa = PBXBuildFile; fileRef = 8E192D361701331000775B9B /* 6.png */; };
		8E192D3E1701331100775B9B /* 4.png in Resources */ = {isa = PBXBuildFile; fileRef = 8E192D371701331000775B9B /* 4.png */; };
		8E192D3F1701331100775B9B /* 3.png in Resources */ = {isa = PBXBuildFile; fileRef = 8E192D381701331000775B9B /* 3.png */; };
		8E192D401701331100775B9B /* 2.png in Resources */ = {isa = PBXBuildFile; fileRef = 8E192D391701331000775B9B /* 2.png */; };
		8E192D411701331100775B9B /* 5.png in Resources */ = {isa = PBXBuildFile; fileRef = 8E192D3A1701331000775B9B /* 5.png */; };
		8E192D421701331100775B9B /* 8.png in Resources */ = {isa = PBXBuildFile; fileRef = 8E192D3B1701331100775B9B /* 8.png */; };
		8E192D441701352400775B9B /* qx01.png in Resources */ = {isa = PBXBuildFile; fileRef = 8E192D431701352400775B9B /* qx01.png */; };
		8E192D461701352C00775B9B /* qx02.png in Resources */ = {isa = PBXBuildFile; fileRef = 8E192D451701352C00775B9B /* qx02.png */; };
		8E192D481701365C00775B9B /* XX0021.png in Resources */ = {isa = PBXBuildFile; fileRef = 8E192D471701365C00775B9B /* XX0021.png */; };
		8E192D4A170137BA00775B9B /* XX0022.png in Resources */ = {isa = PBXBuildFile; fileRef = 8E192D49170137BA00775B9B /* XX0022.png */; };
		8E192D4E1701389000775B9B /* PlaceAddressCell.m in Sources */ = {isa = PBXBuildFile; fileRef = 8E192D4C1701389000775B9B /* PlaceAddressCell.m */; };
		8E192D4F1701389000775B9B /* PlaceAddressCell.xib in Resources */ = {isa = PBXBuildFile; fileRef = 8E192D4D1701389000775B9B /* PlaceAddressCell.xib */; };
		8E192D5117013AFA00775B9B /* bbjjjjj.png in Resources */ = {isa = PBXBuildFile; fileRef = 8E192D5017013AFA00775B9B /* bbjjjjj.png */; };
		8E192D5517013BDB00775B9B /* KKContactCell.m in Sources */ = {isa = PBXBuildFile; fileRef = 8E192D5317013BDB00775B9B /* KKContactCell.m */; };
		8E192D5617013BDB00775B9B /* KKContactCell.xib in Resources */ = {isa = PBXBuildFile; fileRef = 8E192D5417013BDB00775B9B /* KKContactCell.xib */; };
		8E1A105B16FFD87C00EE14FE /* UIKit.framework in Frameworks */ = {isa = PBXBuildFile; fileRef = 8E1A105A16FFD87C00EE14FE /* UIKit.framework */; };
		8E1A105D16FFD87C00EE14FE /* Foundation.framework in Frameworks */ = {isa = PBXBuildFile; fileRef = 8E1A105C16FFD87C00EE14FE /* Foundation.framework */; };
		8E1A105F16FFD87C00EE14FE /* CoreGraphics.framework in Frameworks */ = {isa = PBXBuildFile; fileRef = 8E1A105E16FFD87C00EE14FE /* CoreGraphics.framework */; };
		8E1A106516FFD87C00EE14FE /* InfoPlist.strings in Resources */ = {isa = PBXBuildFile; fileRef = 8E1A106316FFD87C00EE14FE /* InfoPlist.strings */; };
		8E1A106716FFD87C00EE14FE /* main.m in Sources */ = {isa = PBXBuildFile; fileRef = 8E1A106616FFD87C00EE14FE /* main.m */; };
		8E1A106B16FFD87C00EE14FE /* AppDelegate.m in Sources */ = {isa = PBXBuildFile; fileRef = 8E1A106A16FFD87C00EE14FE /* AppDelegate.m */; };
		8E1A106D16FFD87C00EE14FE /* Default.png in Resources */ = {isa = PBXBuildFile; fileRef = 8E1A106C16FFD87C00EE14FE /* Default.png */; };
		8E1A106F16FFD87C00EE14FE /* Default@2x.png in Resources */ = {isa = PBXBuildFile; fileRef = 8E1A106E16FFD87C00EE14FE /* Default@2x.png */; };
		8E1A107116FFD87C00EE14FE /* Default-568h@2x.png in Resources */ = {isa = PBXBuildFile; fileRef = 8E1A107016FFD87C00EE14FE /* Default-568h@2x.png */; };
		8E1A107416FFD87C00EE14FE /* ViewController.m in Sources */ = {isa = PBXBuildFile; fileRef = 8E1A107316FFD87C00EE14FE /* ViewController.m */; };
		8E1A107716FFD87C00EE14FE /* ViewController.xib in Resources */ = {isa = PBXBuildFile; fileRef = 8E1A107516FFD87C00EE14FE /* ViewController.xib */; };
/* End PBXBuildFile section */

/* Begin PBXFileReference section */
		8E192D321701326B00775B9B /* 1.png */ = {isa = PBXFileReference; lastKnownFileType = image.png; path = 1.png; sourceTree = "<group>"; };
		8E192D351701331000775B9B /* 7.png */ = {isa = PBXFileReference; lastKnownFileType = image.png; path = 7.png; sourceTree = "<group>"; };
		8E192D361701331000775B9B /* 6.png */ = {isa = PBXFileReference; lastKnownFileType = image.png; path = 6.png; sourceTree = "<group>"; };
		8E192D371701331000775B9B /* 4.png */ = {isa = PBXFileReference; lastKnownFileType = image.png; path = 4.png; sourceTree = "<group>"; };
		8E192D381701331000775B9B /* 3.png */ = {isa = PBXFileReference; lastKnownFileType = image.png; path = 3.png; sourceTree = "<group>"; };
		8E192D391701331000775B9B /* 2.png */ = {isa = PBXFileReference; lastKnownFileType = image.png; path = 2.png; sourceTree = "<group>"; };
		8E192D3A1701331000775B9B /* 5.png */ = {isa = PBXFileReference; lastKnownFileType = image.png; path = 5.png; sourceTree = "<group>"; };
		8E192D3B1701331100775B9B /* 8.png */ = {isa = PBXFileReference; lastKnownFileType = image.png; path = 8.png; sourceTree = "<group>"; };
		8E192D431701352400775B9B /* qx01.png */ = {isa = PBXFileReference; lastKnownFileType = image.png; path = qx01.png; sourceTree = "<group>"; };
		8E192D451701352C00775B9B /* qx02.png */ = {isa = PBXFileReference; lastKnownFileType = image.png; path = qx02.png; sourceTree = "<group>"; };
		8E192D471701365C00775B9B /* XX0021.png */ = {isa = PBXFileReference; lastKnownFileType = image.png; path = XX0021.png; sourceTree = "<group>"; };
		8E192D49170137BA00775B9B /* XX0022.png */ = {isa = PBXFileReference; lastKnownFileType = image.png; path = XX0022.png; sourceTree = "<group>"; };
		8E192D4B1701389000775B9B /* PlaceAddressCell.h */ = {isa = PBXFileReference; fileEncoding = 4; lastKnownFileType = sourcecode.c.h; path = PlaceAddressCell.h; sourceTree = "<group>"; };
		8E192D4C1701389000775B9B /* PlaceAddressCell.m */ = {isa = PBXFileReference; fileEncoding = 4; lastKnownFileType = sourcecode.c.objc; path = PlaceAddressCell.m; sourceTree = "<group>"; };
		8E192D4D1701389000775B9B /* PlaceAddressCell.xib */ = {isa = PBXFileReference; fileEncoding = 4; lastKnownFileType = file.xib; path = PlaceAddressCell.xib; sourceTree = "<group>"; };
		8E192D5017013AFA00775B9B /* bbjjjjj.png */ = {isa = PBXFileReference; lastKnownFileType = image.png; path = bbjjjjj.png; sourceTree = "<group>"; };
		8E192D5217013BDB00775B9B /* KKContactCell.h */ = {isa = PBXFileReference; fileEncoding = 4; lastKnownFileType = sourcecode.c.h; path = KKContactCell.h; sourceTree = "<group>"; };
		8E192D5317013BDB00775B9B /* KKContactCell.m */ = {isa = PBXFileReference; fileEncoding = 4; lastKnownFileType = sourcecode.c.objc; path = KKContactCell.m; sourceTree = "<group>"; };
		8E192D5417013BDB00775B9B /* KKContactCell.xib */ = {isa = PBXFileReference; fileEncoding = 4; lastKnownFileType = file.xib; path = KKContactCell.xib; sourceTree = "<group>"; };
		8E1A105616FFD87C00EE14FE /* test.app */ = {isa = PBXFileReference; explicitFileType = wrapper.application; includeInIndex = 0; path = test.app; sourceTree = BUILT_PRODUCTS_DIR; };
		8E1A105A16FFD87C00EE14FE /* UIKit.framework */ = {isa = PBXFileReference; lastKnownFileType = wrapper.framework; name = UIKit.framework; path = System/Library/Frameworks/UIKit.framework; sourceTree = SDKROOT; };
		8E1A105C16FFD87C00EE14FE /* Foundation.framework */ = {isa = PBXFileReference; lastKnownFileType = wrapper.framework; name = Foundation.framework; path = System/Library/Frameworks/Foundation.framework; sourceTree = SDKROOT; };
		8E1A105E16FFD87C00EE14FE /* CoreGraphics.framework */ = {isa = PBXFileReference; lastKnownFileType = wrapper.framework; name = CoreGraphics.framework; path = System/Library/Frameworks/CoreGraphics.framework; sourceTree = SDKROOT; };
		8E1A106216FFD87C00EE14FE /* test-Info.plist */ = {isa = PBXFileReference; lastKnownFileType = text.plist.xml; path = "test-Info.plist"; sourceTree = "<group>"; };
		8E1A106416FFD87C00EE14FE /* en */ = {isa = PBXFileReference; lastKnownFileType = text.plist.strings; name = en; path = en.lproj/InfoPlist.strings; sourceTree = "<group>"; };
		8E1A106616FFD87C00EE14FE /* main.m */ = {isa = PBXFileReference; lastKnownFileType = sourcecode.c.objc; path = main.m; sourceTree = "<group>"; };
		8E1A106816FFD87C00EE14FE /* test-Prefix.pch */ = {isa = PBXFileReference; lastKnownFileType = sourcecode.c.h; path = "test-Prefix.pch"; sourceTree = "<group>"; };
		8E1A106916FFD87C00EE14FE /* AppDelegate.h */ = {isa = PBXFileReference; lastKnownFileType = sourcecode.c.h; path = AppDelegate.h; sourceTree = "<group>"; };
		8E1A106A16FFD87C00EE14FE /* AppDelegate.m */ = {isa = PBXFileReference; lastKnownFileType = sourcecode.c.objc; path = AppDelegate.m; sourceTree = "<group>"; };
		8E1A106C16FFD87C00EE14FE /* Default.png */ = {isa = PBXFileReference; lastKnownFileType = image.png; path = Default.png; sourceTree = "<group>"; };
		8E1A106E16FFD87C00EE14FE /* Default@2x.png */ = {isa = PBXFileReference; lastKnownFileType = image.png; path = "Default@2x.png"; sourceTree = "<group>"; };
		8E1A107016FFD87C00EE14FE /* Default-568h@2x.png */ = {isa = PBXFileReference; lastKnownFileType = image.png; path = "Default-568h@2x.png"; sourceTree = "<group>"; };
		8E1A107216FFD87C00EE14FE /* ViewController.h */ = {isa = PBXFileReference; lastKnownFileType = sourcecode.c.h; path = ViewController.h; sourceTree = "<group>"; };
		8E1A107316FFD87C00EE14FE /* ViewController.m */ = {isa = PBXFileReference; lastKnownFileType = sourcecode.c.objc; path = ViewController.m; sourceTree = "<group>"; };
		8E1A107616FFD87C00EE14FE /* en */ = {isa = PBXFileReference; lastKnownFileType = file.xib; name = en; path = en.lproj/ViewController.xib; sourceTree = "<group>"; };
/* End PBXFileReference section */

/* Begin PBXFrameworksBuildPhase section */
		8E1A105316FFD87C00EE14FE /* Frameworks */ = {
			isa = PBXFrameworksBuildPhase;
			buildActionMask = 2147483647;
			files = (
				8E1A105B16FFD87C00EE14FE /* UIKit.framework in Frameworks */,
				8E1A105D16FFD87C00EE14FE /* Foundation.framework in Frameworks */,
				8E1A105F16FFD87C00EE14FE /* CoreGraphics.framework in Frameworks */,
			);
			runOnlyForDeploymentPostprocessing = 0;
		};
/* End PBXFrameworksBuildPhase section */

/* Begin PBXGroup section */
		8E1A104B16FFD87C00EE14FE = {
			isa = PBXGroup;
			children = (
				8E1A106016FFD87C00EE14FE /* test */,
				8E1A105916FFD87C00EE14FE /* Frameworks */,
				8E1A105716FFD87C00EE14FE /* Products */,
			);
			sourceTree = "<group>";
		};
		8E1A105716FFD87C00EE14FE /* Products */ = {
			isa = PBXGroup;
			children = (
				8E1A105616FFD87C00EE14FE /* test.app */,
			);
			name = Products;
			sourceTree = "<group>";
		};
		8E1A105916FFD87C00EE14FE /* Frameworks */ = {
			isa = PBXGroup;
			children = (
				8E1A105A16FFD87C00EE14FE /* UIKit.framework */,
				8E1A105C16FFD87C00EE14FE /* Foundation.framework */,
				8E1A105E16FFD87C00EE14FE /* CoreGraphics.framework */,
			);
			name = Frameworks;
			sourceTree = "<group>";
		};
		8E1A106016FFD87C00EE14FE /* test */ = {
			isa = PBXGroup;
			children = (
				8E1A106916FFD87C00EE14FE /* AppDelegate.h */,
				8E1A106A16FFD87C00EE14FE /* AppDelegate.m */,
				8E1A107216FFD87C00EE14FE /* ViewController.h */,
				8E1A107316FFD87C00EE14FE /* ViewController.m */,
				8E1A107516FFD87C00EE14FE /* ViewController.xib */,
				8E192D4B1701389000775B9B /* PlaceAddressCell.h */,
				8E192D4C1701389000775B9B /* PlaceAddressCell.m */,
				8E192D4D1701389000775B9B /* PlaceAddressCell.xib */,
				8E192D5217013BDB00775B9B /* KKContactCell.h */,
				8E192D5317013BDB00775B9B /* KKContactCell.m */,
				8E192D5417013BDB00775B9B /* KKContactCell.xib */,
				8E1A106116FFD87C00EE14FE /* Supporting Files */,
			);
			path = test;
			sourceTree = "<group>";
		};
		8E1A106116FFD87C00EE14FE /* Supporting Files */ = {
			isa = PBXGroup;
			children = (
				8E192D5017013AFA00775B9B /* bbjjjjj.png */,
				8E192D49170137BA00775B9B /* XX0022.png */,
				8E192D471701365C00775B9B /* XX0021.png */,
				8E192D451701352C00775B9B /* qx02.png */,
				8E192D431701352400775B9B /* qx01.png */,
				8E192D351701331000775B9B /* 7.png */,
				8E192D361701331000775B9B /* 6.png */,
				8E192D371701331000775B9B /* 4.png */,
				8E192D381701331000775B9B /* 3.png */,
				8E192D391701331000775B9B /* 2.png */,
				8E192D3A1701331000775B9B /* 5.png */,
				8E192D3B1701331100775B9B /* 8.png */,
				8E192D321701326B00775B9B /* 1.png */,
				8E1A106216FFD87C00EE14FE /* test-Info.plist */,
				8E1A106316FFD87C00EE14FE /* InfoPlist.strings */,
				8E1A106616FFD87C00EE14FE /* main.m */,
				8E1A106816FFD87C00EE14FE /* test-Prefix.pch */,
				8E1A106C16FFD87C00EE14FE /* Default.png */,
				8E1A106E16FFD87C00EE14FE /* Default@2x.png */,
				8E1A107016FFD87C00EE14FE /* Default-568h@2x.png */,
			);
			name = "Supporting Files";
			sourceTree = "<group>";
		};
/* End PBXGroup section */

/* Begin PBXNativeTarget section */
		8E1A105516FFD87C00EE14FE /* test */ = {
			isa = PBXNativeTarget;
			buildConfigurationList = 8E1A107A16FFD87C00EE14FE /* Build configuration list for PBXNativeTarget "test" */;
			buildPhases = (
				8E1A105216FFD87C00EE14FE /* Sources */,
				8E1A105316FFD87C00EE14FE /* Frameworks */,
				8E1A105416FFD87C00EE14FE /* Resources */,
			);
			buildRules = (
			);
			dependencies = (
			);
			name = test;
			productName = test;
			productReference = 8E1A105616FFD87C00EE14FE /* test.app */;
			productType = "com.apple.product-type.application";
		};
/* End PBXNativeTarget section */

/* Begin PBXProject section */
		8E1A104D16FFD87C00EE14FE /* Project object */ = {
			isa = PBXProject;
			attributes = {
				LastUpgradeCheck = 0450;
				ORGANIZATIONNAME = lkk;
			};
			buildConfigurationList = 8E1A105016FFD87C00EE14FE /* Build configuration list for PBXProject "test" */;
			compatibilityVersion = "Xcode 3.2";
			developmentRegion = English;
			hasScannedForEncodings = 0;
			knownRegions = (
				en,
			);
			mainGroup = 8E1A104B16FFD87C00EE14FE;
			productRefGroup = 8E1A105716FFD87C00EE14FE /* Products */;
			projectDirPath = "";
			projectRoot = "";
			targets = (
				8E1A105516FFD87C00EE14FE /* test */,
			);
		};
/* End PBXProject section */

/* Begin PBXResourcesBuildPhase section */
		8E1A105416FFD87C00EE14FE /* Resources */ = {
			isa = PBXResourcesBuildPhase;
			buildActionMask = 2147483647;
			files = (
				8E1A106516FFD87C00EE14FE /* InfoPlist.strings in Resources */,
				8E1A106D16FFD87C00EE14FE /* Default.png in Resources */,
				8E1A106F16FFD87C00EE14FE /* Default@2x.png in Resources */,
				8E1A107116FFD87C00EE14FE /* Default-568h@2x.png in Resources */,
				8E1A107716FFD87C00EE14FE /* ViewController.xib in Resources */,
				8E192D331701326B00775B9B /* 1.png in Resources */,
				8E192D3C1701331100775B9B /* 7.png in Resources */,
				8E192D3D1701331100775B9B /* 6.png in Resources */,
				8E192D3E1701331100775B9B /* 4.png in Resources */,
				8E192D3F1701331100775B9B /* 3.png in Resources */,
				8E192D401701331100775B9B /* 2.png in Resources */,
				8E192D411701331100775B9B /* 5.png in Resources */,
				8E192D421701331100775B9B /* 8.png in Resources */,
				8E192D441701352400775B9B /* qx01.png in Resources */,
				8E192D461701352C00775B9B /* qx02.png in Resources */,
				8E192D481701365C00775B9B /* XX0021.png in Resources */,
				8E192D4A170137BA00775B9B /* XX0022.png in Resources */,
				8E192D4F1701389000775B9B /* PlaceAddressCell.xib in Resources */,
				8E192D5117013AFA00775B9B /* bbjjjjj.png in Resources */,
				8E192D5617013BDB00775B9B /* KKContactCell.xib in Resources */,
			);
			runOnlyForDeploymentPostprocessing = 0;
		};
/* End PBXResourcesBuildPhase section */

/* Begin PBXSourcesBuildPhase section */
		8E1A105216FFD87C00EE14FE /* Sources */ = {
			isa = PBXSourcesBuildPhase;
			buildActionMask = 2147483647;
			files = (
				8E1A106716FFD87C00EE14FE /* main.m in Sources */,
				8E1A106B16FFD87C00EE14FE /* AppDelegate.m in Sources */,
				8E1A107416FFD87C00EE14FE /* ViewController.m in Sources */,
				8E192D4E1701389000775B9B /* PlaceAddressCell.m in Sources */,
				8E192D5517013BDB00775B9B /* KKContactCell.m in Sources */,
			);
			runOnlyForDeploymentPostprocessing = 0;
		};
/* End PBXSourcesBuildPhase section */

/* Begin PBXVariantGroup section */
		8E1A106316FFD87C00EE14FE /* InfoPlist.strings */ = {
			isa = PBXVariantGroup;
			children = (
				8E1A106416FFD87C00EE14FE /* en */,
			);
			name = InfoPlist.strings;
			sourceTree = "<group>";
		};
		8E1A107516FFD87C00EE14FE /* ViewController.xib */ = {
			isa = PBXVariantGroup;
			children = (
				8E1A107616FFD87C00EE14FE /* en */,
			);
			name = ViewController.xib;
			sourceTree = "<group>";
		};
/* End PBXVariantGroup section */

/* Begin XCBuildConfiguration section */
		8E1A107816FFD87C00EE14FE /* Debug */ = {
			isa = XCBuildConfiguration;
			buildSettings = {
				ALWAYS_SEARCH_USER_PATHS = NO;
				CLANG_CXX_LANGUAGE_STANDARD = "gnu++0x";
				CLANG_CXX_LIBRARY = "libc++";
				CLANG_WARN_EMPTY_BODY = YES;
				CLANG_WARN__DUPLICATE_METHOD_MATCH = YES;
				"CODE_SIGN_IDENTITY[sdk=iphoneos*]" = "iPhone Developer";
				COPY_PHASE_STRIP = NO;
				GCC_C_LANGUAGE_STANDARD = gnu99;
				GCC_DYNAMIC_NO_PIC = NO;
				GCC_OPTIMIZATION_LEVEL = 0;
				GCC_PREPROCESSOR_DEFINITIONS = (
					"DEBUG=1",
					"$(inherited)",
				);
				GCC_SYMBOLS_PRIVATE_EXTERN = NO;
				GCC_WARN_ABOUT_RETURN_TYPE = YES;
				GCC_WARN_UNINITIALIZED_AUTOS = YES;
				GCC_WARN_UNUSED_VARIABLE = YES;
				IPHONEOS_DEPLOYMENT_TARGET = 5.0;
				ONLY_ACTIVE_ARCH = YES;
				SDKROOT = iphoneos;
			};
			name = Debug;
		};
		8E1A107916FFD87C00EE14FE /* Release */ = {
			isa = XCBuildConfiguration;
			buildSettings = {
				ALWAYS_SEARCH_USER_PATHS = NO;
				CLANG_CXX_LANGUAGE_STANDARD = "gnu++0x";
				CLANG_CXX_LIBRARY = "libc++";
				CLANG_WARN_EMPTY_BODY = YES;
				CLANG_WARN__DUPLICATE_METHOD_MATCH = YES;
				"CODE_SIGN_IDENTITY[sdk=iphoneos*]" = "iPhone Developer";
				COPY_PHASE_STRIP = YES;
				GCC_C_LANGUAGE_STANDARD = gnu99;
				GCC_WARN_ABOUT_RETURN_TYPE = YES;
				GCC_WARN_UNINITIALIZED_AUTOS = YES;
				GCC_WARN_UNUSED_VARIABLE = YES;
				IPHONEOS_DEPLOYMENT_TARGET = 5.0;
				OTHER_CFLAGS = "-DNS_BLOCK_ASSERTIONS=1";
				SDKROOT = iphoneos;
				VALIDATE_PRODUCT = YES;
			};
			name = Release;
		};
		8E1A107B16FFD87C00EE14FE /* Debug */ = {
			isa = XCBuildConfiguration;
			buildSettings = {
				GCC_PRECOMPILE_PREFIX_HEADER = YES;
				GCC_PREFIX_HEADER = "test/test-Prefix.pch";
				INFOPLIST_FILE = "test/test-Info.plist";
				PRODUCT_NAME = "$(TARGET_NAME)";
				WRAPPER_EXTENSION = app;
			};
			name = Debug;
		};
		8E1A107C16FFD87C00EE14FE /* Release */ = {
			isa = XCBuildConfiguration;
			buildSettings = {
				GCC_PRECOMPILE_PREFIX_HEADER = YES;
				GCC_PREFIX_HEADER = "test/test-Prefix.pch";
				INFOPLIST_FILE = "test/test-Info.plist";
				PRODUCT_NAME = "$(TARGET_NAME)";
				WRAPPER_EXTENSION = app;
			};
			name = Release;
		};
/* End XCBuildConfiguration section */

/* Begin XCConfigurationList section */
		8E1A105016FFD87C00EE14FE /* Build configuration list for PBXProject "test" */ = {
			isa = XCConfigurationList;
			buildConfigurations = (
				8E1A107816FFD87C00EE14FE /* Debug */,
				8E1A107916FFD87C00EE14FE /* Release */,
			);
			defaultConfigurationIsVisible = 0;
			defaultConfigurationName = Release;
		};
		8E1A107A16FFD87C00EE14FE /* Build configuration list for PBXNativeTarget "test" */ = {
			isa = XCConfigurationList;
			buildConfigurations = (
				8E1A107B16FFD87C00EE14FE /* Debug */,
				8E1A107C16FFD87C00EE14FE /* Release */,
			);
			defaultConfigurationIsVisible = 0;
			defaultConfigurationName = Release;
		};
/* End XCConfigurationList section */
	};
	rootObject = 8E1A104D16FFD87C00EE14FE /* Project object */;
}
